{
  "version": 4,
  "terraform_version": "0.12.18",
  "serial": 19,
  "lineage": "5b37adaa-7af5-2e34-effe-464114a626bf",
  "outputs": {},
  "resources": [
    {
      "mode": "managed",
      "type": "aws_dynamodb_table",
      "name": "dynamodb-homolog",
      "provider": "provider.aws.us-east-2",
      "instances": [
        {
          "schema_version": 1,
          "attributes": {
            "arn": "arn:aws:dynamodb:us-east-2:807624821827:table/UserData",
            "attribute": [
              {
                "name": "UserEmail",
                "type": "S"
              },
              {
                "name": "UserId",
                "type": "S"
              }
            ],
            "billing_mode": "PAY_PER_REQUEST",
            "global_secondary_index": [],
            "hash_key": "UserId",
            "id": "UserData",
            "local_secondary_index": [],
            "name": "UserData",
            "point_in_time_recovery": [
              {
                "enabled": false
              }
            ],
            "range_key": "UserEmail",
            "read_capacity": 0,
            "server_side_encryption": [],
            "stream_arn": "",
            "stream_enabled": false,
            "stream_label": "",
            "stream_view_type": "",
            "tags": {},
            "timeouts": null,
            "ttl": [
              {
                "attribute_name": "",
                "enabled": false
              }
            ],
            "write_capacity": 0
          },
          "private": "eyJlMmJmYjczMC1lY2FhLTExZTYtOGY4OC0zNDM2M2JjN2M0YzAiOnsiY3JlYXRlIjo2MDAwMDAwMDAwMDAsImRlbGV0ZSI6NjAwMDAwMDAwMDAwLCJ1cGRhdGUiOjM2MDAwMDAwMDAwMDB9LCJzY2hlbWFfdmVyc2lvbiI6IjEifQ=="
        }
      ]
    },
    {
      "mode": "managed",
      "type": "aws_instance",
      "name": "dev",
      "each": "list",
      "provider": "provider.aws",
      "instances": [
        {
          "index_key": 0,
          "schema_version": 1,
          "attributes": {
            "ami": "ami-04b9e92b5572fa0d1",
            "arn": "arn:aws:ec2:us-east-1:807624821827:instance/i-0c983662a1ba4f89e",
            "associate_public_ip_address": false,
            "availability_zone": "us-east-1a",
            "cpu_core_count": 1,
            "cpu_threads_per_core": 1,
            "credit_specification": [
              {
                "cpu_credits": "standard"
              }
            ],
            "disable_api_termination": false,
            "ebs_block_device": [],
            "ebs_optimized": false,
            "ephemeral_block_device": [],
            "get_password_data": false,
            "host_id": null,
            "iam_instance_profile": "",
            "id": "i-0c983662a1ba4f89e",
            "instance_initiated_shutdown_behavior": null,
            "instance_state": "stopped",
            "instance_type": "t2.micro",
            "ipv6_address_count": 0,
            "ipv6_addresses": [],
            "key_name": "terraform-aws",
            "monitoring": false,
            "network_interface": [],
            "network_interface_id": null,
            "password_data": "",
            "placement_group": "",
            "primary_network_interface_id": "eni-0e011b09f74cbbc35",
            "private_dns": "ip-172-31-83-164.ec2.internal",
            "private_ip": "172.31.83.164",
            "public_dns": "",
            "public_ip": "",
            "root_block_device": [
              {
                "delete_on_termination": true,
                "encrypted": false,
                "iops": 100,
                "kms_key_id": "",
                "volume_id": "vol-00ec3c7c087c63682",
                "volume_size": 8,
                "volume_type": "gp2"
              }
            ],
            "security_groups": [
              "allow_ssh"
            ],
            "source_dest_check": true,
            "subnet_id": "subnet-378d9c19",
            "tags": {
              "Name": "dev0"
            },
            "tenancy": "default",
            "timeouts": null,
            "user_data": null,
            "user_data_base64": null,
            "volume_tags": {},
            "vpc_security_group_ids": [
              "sg-077a0fd3375ee836d"
            ]
          },
          "private": "eyJlMmJmYjczMC1lY2FhLTExZTYtOGY4OC0zNDM2M2JjN2M0YzAiOnsiY3JlYXRlIjo2MDAwMDAwMDAwMDAsImRlbGV0ZSI6MTIwMDAwMDAwMDAwMCwidXBkYXRlIjo2MDAwMDAwMDAwMDB9LCJzY2hlbWFfdmVyc2lvbiI6IjEifQ==",
          "dependencies": [
            "aws_security_group.allow_ssh"
          ]
        },
        {
          "index_key": 1,
          "schema_version": 1,
          "attributes": {
            "ami": "ami-04b9e92b5572fa0d1",
            "arn": "arn:aws:ec2:us-east-1:807624821827:instance/i-05c66715705d0cdc4",
            "associate_public_ip_address": false,
            "availability_zone": "us-east-1a",
            "cpu_core_count": 1,
            "cpu_threads_per_core": 1,
            "credit_specification": [
              {
                "cpu_credits": "standard"
              }
            ],
            "disable_api_termination": false,
            "ebs_block_device": [],
            "ebs_optimized": false,
            "ephemeral_block_device": [],
            "get_password_data": false,
            "host_id": null,
            "iam_instance_profile": "",
            "id": "i-05c66715705d0cdc4",
            "instance_initiated_shutdown_behavior": null,
            "instance_state": "stopped",
            "instance_type": "t2.micro",
            "ipv6_address_count": 0,
            "ipv6_addresses": [],
            "key_name": "terraform-aws",
            "monitoring": false,
            "network_interface": [],
            "network_interface_id": null,
            "password_data": "",
            "placement_group": "",
            "primary_network_interface_id": "eni-0145cd13ed5c56966",
            "private_dns": "ip-172-31-93-111.ec2.internal",
            "private_ip": "172.31.93.111",
            "public_dns": "",
            "public_ip": "",
            "root_block_device": [
              {
                "delete_on_termination": true,
                "encrypted": false,
                "iops": 100,
                "kms_key_id": "",
                "volume_id": "vol-0fd03c7e3a4c16c79",
                "volume_size": 8,
                "volume_type": "gp2"
              }
            ],
            "security_groups": [
              "allow_ssh"
            ],
            "source_dest_check": true,
            "subnet_id": "subnet-378d9c19",
            "tags": {
              "Name": "dev1"
            },
            "tenancy": "default",
            "timeouts": null,
            "user_data": null,
            "user_data_base64": null,
            "volume_tags": {},
            "vpc_security_group_ids": [
              "sg-077a0fd3375ee836d"
            ]
          },
          "private": "eyJlMmJmYjczMC1lY2FhLTExZTYtOGY4OC0zNDM2M2JjN2M0YzAiOnsiY3JlYXRlIjo2MDAwMDAwMDAwMDAsImRlbGV0ZSI6MTIwMDAwMDAwMDAwMCwidXBkYXRlIjo2MDAwMDAwMDAwMDB9LCJzY2hlbWFfdmVyc2lvbiI6IjEifQ==",
          "dependencies": [
            "aws_security_group.allow_ssh"
          ]
        },
        {
          "index_key": 2,
          "schema_version": 1,
          "attributes": {
            "ami": "ami-04b9e92b5572fa0d1",
            "arn": "arn:aws:ec2:us-east-1:807624821827:instance/i-01a98271dda604c9e",
            "associate_public_ip_address": false,
            "availability_zone": "us-east-1a",
            "cpu_core_count": 1,
            "cpu_threads_per_core": 1,
            "credit_specification": [
              {
                "cpu_credits": "standard"
              }
            ],
            "disable_api_termination": false,
            "ebs_block_device": [],
            "ebs_optimized": false,
            "ephemeral_block_device": [],
            "get_password_data": false,
            "host_id": null,
            "iam_instance_profile": "",
            "id": "i-01a98271dda604c9e",
            "instance_initiated_shutdown_behavior": null,
            "instance_state": "stopped",
            "instance_type": "t2.micro",
            "ipv6_address_count": 0,
            "ipv6_addresses": [],
            "key_name": "terraform-aws",
            "monitoring": false,
            "network_interface": [],
            "network_interface_id": null,
            "password_data": "",
            "placement_group": "",
            "primary_network_interface_id": "eni-08623731dc6ce975d",
            "private_dns": "ip-172-31-85-124.ec2.internal",
            "private_ip": "172.31.85.124",
            "public_dns": "",
            "public_ip": "",
            "root_block_device": [
              {
                "delete_on_termination": true,
                "encrypted": false,
                "iops": 100,
                "kms_key_id": "",
                "volume_id": "vol-0b17c222412ebc540",
                "volume_size": 8,
                "volume_type": "gp2"
              }
            ],
            "security_groups": [
              "allow_ssh"
            ],
            "source_dest_check": true,
            "subnet_id": "subnet-378d9c19",
            "tags": {
              "Name": "dev2"
            },
            "tenancy": "default",
            "timeouts": null,
            "user_data": null,
            "user_data_base64": null,
            "volume_tags": {},
            "vpc_security_group_ids": [
              "sg-077a0fd3375ee836d"
            ]
          },
          "private": "eyJlMmJmYjczMC1lY2FhLTExZTYtOGY4OC0zNDM2M2JjN2M0YzAiOnsiY3JlYXRlIjo2MDAwMDAwMDAwMDAsImRlbGV0ZSI6MTIwMDAwMDAwMDAwMCwidXBkYXRlIjo2MDAwMDAwMDAwMDB9LCJzY2hlbWFfdmVyc2lvbiI6IjEifQ==",
          "dependencies": [
            "aws_security_group.allow_ssh"
          ]
        }
      ]
    },
    {
      "mode": "managed",
      "type": "aws_instance",
      "name": "dev4",
      "provider": "provider.aws",
      "instances": [
        {
          "schema_version": 1,
          "attributes": {
            "ami": "ami-04b9e92b5572fa0d1",
            "arn": "arn:aws:ec2:us-east-1:807624821827:instance/i-0b272e2df29baf6e8",
            "associate_public_ip_address": false,
            "availability_zone": "us-east-1a",
            "cpu_core_count": 1,
            "cpu_threads_per_core": 1,
            "credit_specification": [
              {
                "cpu_credits": "standard"
              }
            ],
            "disable_api_termination": false,
            "ebs_block_device": [],
            "ebs_optimized": false,
            "ephemeral_block_device": [],
            "get_password_data": false,
            "host_id": null,
            "iam_instance_profile": "",
            "id": "i-0b272e2df29baf6e8",
            "instance_initiated_shutdown_behavior": null,
            "instance_state": "stopped",
            "instance_type": "t2.micro",
            "ipv6_address_count": 0,
            "ipv6_addresses": [],
            "key_name": "terraform-aws",
            "monitoring": false,
            "network_interface": [],
            "network_interface_id": null,
            "password_data": "",
            "placement_group": "",
            "primary_network_interface_id": "eni-0e4f280cfb9633d4d",
            "private_dns": "ip-172-31-82-49.ec2.internal",
            "private_ip": "172.31.82.49",
            "public_dns": "",
            "public_ip": "",
            "root_block_device": [
              {
                "delete_on_termination": true,
                "encrypted": false,
                "iops": 100,
                "kms_key_id": "",
                "volume_id": "vol-0bcdca43b6cf6e52e",
                "volume_size": 8,
                "volume_type": "gp2"
              }
            ],
            "security_groups": [
              "allow_ssh"
            ],
            "source_dest_check": true,
            "subnet_id": "subnet-378d9c19",
            "tags": {
              "Name": "dev4"
            },
            "tenancy": "default",
            "timeouts": null,
            "user_data": null,
            "user_data_base64": null,
            "volume_tags": {},
            "vpc_security_group_ids": [
              "sg-077a0fd3375ee836d"
            ]
          },
          "private": "eyJlMmJmYjczMC1lY2FhLTExZTYtOGY4OC0zNDM2M2JjN2M0YzAiOnsiY3JlYXRlIjo2MDAwMDAwMDAwMDAsImRlbGV0ZSI6MTIwMDAwMDAwMDAwMCwidXBkYXRlIjo2MDAwMDAwMDAwMDB9LCJzY2hlbWFfdmVyc2lvbiI6IjEifQ==",
          "dependencies": [
            "aws_s3_bucket.dev4",
            "aws_security_group.allow_ssh"
          ]
        }
      ]
    },
    {
      "mode": "managed",
      "type": "aws_instance",
      "name": "dev5",
      "provider": "provider.aws",
      "instances": [
        {
          "schema_version": 1,
          "attributes": {
            "ami": "ami-04b9e92b5572fa0d1",
            "arn": "arn:aws:ec2:us-east-1:807624821827:instance/i-05875fe6433be22dd",
            "associate_public_ip_address": false,
            "availability_zone": "us-east-1a",
            "cpu_core_count": 1,
            "cpu_threads_per_core": 1,
            "credit_specification": [
              {
                "cpu_credits": "standard"
              }
            ],
            "disable_api_termination": false,
            "ebs_block_device": [],
            "ebs_optimized": false,
            "ephemeral_block_device": [],
            "get_password_data": false,
            "host_id": null,
            "iam_instance_profile": "",
            "id": "i-05875fe6433be22dd",
            "instance_initiated_shutdown_behavior": null,
            "instance_state": "stopped",
            "instance_type": "t2.micro",
            "ipv6_address_count": 0,
            "ipv6_addresses": [],
            "key_name": "terraform-aws",
            "monitoring": false,
            "network_interface": [],
            "network_interface_id": null,
            "password_data": "",
            "placement_group": "",
            "primary_network_interface_id": "eni-0b71426f442fec585",
            "private_dns": "ip-172-31-80-118.ec2.internal",
            "private_ip": "172.31.80.118",
            "public_dns": "",
            "public_ip": "",
            "root_block_device": [
              {
                "delete_on_termination": true,
                "encrypted": false,
                "iops": 100,
                "kms_key_id": "",
                "volume_id": "vol-0a8ae74a4d3265502",
                "volume_size": 8,
                "volume_type": "gp2"
              }
            ],
            "security_groups": [
              "allow_ssh"
            ],
            "source_dest_check": true,
            "subnet_id": "subnet-378d9c19",
            "tags": {
              "Name": "dev5"
            },
            "tenancy": "default",
            "timeouts": null,
            "user_data": null,
            "user_data_base64": null,
            "volume_tags": {},
            "vpc_security_group_ids": [
              "sg-077a0fd3375ee836d"
            ]
          },
          "private": "eyJlMmJmYjczMC1lY2FhLTExZTYtOGY4OC0zNDM2M2JjN2M0YzAiOnsiY3JlYXRlIjo2MDAwMDAwMDAwMDAsImRlbGV0ZSI6MTIwMDAwMDAwMDAwMCwidXBkYXRlIjo2MDAwMDAwMDAwMDB9LCJzY2hlbWFfdmVyc2lvbiI6IjEifQ==",
          "dependencies": [
            "aws_security_group.allow_ssh"
          ]
        }
      ]
    },
    {
      "mode": "managed",
      "type": "aws_instance",
      "name": "dev6",
      "provider": "provider.aws.us-east-2",
      "instances": [
        {
          "schema_version": 1,
          "attributes": {
            "ami": "ami-0dacb0c129b49f529",
            "arn": "arn:aws:ec2:us-east-2:807624821827:instance/i-073541d4fec3c35b3",
            "associate_public_ip_address": true,
            "availability_zone": "us-east-2b",
            "cpu_core_count": 1,
            "cpu_threads_per_core": 1,
            "credit_specification": [
              {
                "cpu_credits": "standard"
              }
            ],
            "disable_api_termination": false,
            "ebs_block_device": [],
            "ebs_optimized": false,
            "ephemeral_block_device": [],
            "get_password_data": false,
            "host_id": null,
            "iam_instance_profile": "",
            "id": "i-073541d4fec3c35b3",
            "instance_initiated_shutdown_behavior": null,
            "instance_state": "running",
            "instance_type": "t2.micro",
            "ipv6_address_count": 0,
            "ipv6_addresses": [],
            "key_name": "terraform-aws",
            "monitoring": false,
            "network_interface": [],
            "network_interface_id": null,
            "password_data": "",
            "placement_group": "",
            "primary_network_interface_id": "eni-0ca001c2e9edaa38f",
            "private_dns": "ip-172-31-28-3.us-east-2.compute.internal",
            "private_ip": "172.31.28.3",
            "public_dns": "ec2-3-16-43-216.us-east-2.compute.amazonaws.com",
            "public_ip": "3.16.43.216",
            "root_block_device": [
              {
                "delete_on_termination": true,
                "encrypted": false,
                "iops": 100,
                "kms_key_id": "",
                "volume_id": "vol-06f41048fe5c887ca",
                "volume_size": 8,
                "volume_type": "gp2"
              }
            ],
            "security_groups": [
              "allow_ssh"
            ],
            "source_dest_check": true,
            "subnet_id": "subnet-4aeeb530",
            "tags": {
              "Name": "dev6"
            },
            "tenancy": "default",
            "timeouts": null,
            "user_data": null,
            "user_data_base64": null,
            "volume_tags": {},
            "vpc_security_group_ids": [
              "sg-0ff3e1cf22cf7a40f"
            ]
          },
          "private": "eyJlMmJmYjczMC1lY2FhLTExZTYtOGY4OC0zNDM2M2JjN2M0YzAiOnsiY3JlYXRlIjo2MDAwMDAwMDAwMDAsImRlbGV0ZSI6MTIwMDAwMDAwMDAwMCwidXBkYXRlIjo2MDAwMDAwMDAwMDB9LCJzY2hlbWFfdmVyc2lvbiI6IjEifQ==",
          "dependencies": [
            "aws_dynamodb_table.dynamodb-homolog",
            "aws_security_group.allow_ssh-us-east-2"
          ]
        }
      ]
    },
    {
      "mode": "managed",
      "type": "aws_s3_bucket",
      "name": "dev4",
      "provider": "provider.aws",
      "instances": [
        {
          "schema_version": 0,
          "attributes": {
            "acceleration_status": "",
            "acl": "private",
            "arn": "arn:aws:s3:::paschualetto-dev4",
            "bucket": "paschualetto-dev4",
            "bucket_domain_name": "paschualetto-dev4.s3.amazonaws.com",
            "bucket_prefix": null,
            "bucket_regional_domain_name": "paschualetto-dev4.s3.amazonaws.com",
            "cors_rule": [],
            "force_destroy": false,
            "hosted_zone_id": "Z3AQBSTGFYJSTF",
            "id": "paschualetto-dev4",
            "lifecycle_rule": [],
            "logging": [],
            "object_lock_configuration": [],
            "policy": null,
            "region": "us-east-1",
            "replication_configuration": [],
            "request_payer": "BucketOwner",
            "server_side_encryption_configuration": [],
            "tags": {
              "Name": "paschualetto-dev4"
            },
            "versioning": [
              {
                "enabled": false,
                "mfa_delete": false
              }
            ],
            "website": [],
            "website_domain": null,
            "website_endpoint": null
          },
          "private": "bnVsbA=="
        }
      ]
    },
    {
      "mode": "managed",
      "type": "aws_security_group",
      "name": "allow_ssh",
      "provider": "provider.aws",
      "instances": [
        {
          "schema_version": 1,
          "attributes": {
            "arn": "arn:aws:ec2:us-east-1:807624821827:security-group/sg-077a0fd3375ee836d",
            "description": "Allow SSH inbound traffic",
            "egress": [],
            "id": "sg-077a0fd3375ee836d",
            "ingress": [
              {
                "cidr_blocks": [
                  "179.184.65.86/32"
                ],
                "description": "",
                "from_port": 22,
                "ipv6_cidr_blocks": [],
                "prefix_list_ids": [],
                "protocol": "tcp",
                "security_groups": [],
                "self": false,
                "to_port": 22
              }
            ],
            "name": "allow_ssh",
            "name_prefix": null,
            "owner_id": "807624821827",
            "revoke_rules_on_delete": false,
            "tags": {
              "Name": "allow_ssh"
            },
            "timeouts": null,
            "vpc_id": "vpc-e24e6898"
          },
          "private": "eyJlMmJmYjczMC1lY2FhLTExZTYtOGY4OC0zNDM2M2JjN2M0YzAiOnsiY3JlYXRlIjo2MDAwMDAwMDAwMDAsImRlbGV0ZSI6NjAwMDAwMDAwMDAwfSwic2NoZW1hX3ZlcnNpb24iOiIxIn0="
        }
      ]
    },
    {
      "mode": "managed",
      "type": "aws_security_group",
      "name": "allow_ssh-us-east-2",
      "provider": "provider.aws.us-east-2",
      "instances": [
        {
          "schema_version": 1,
          "attributes": {
            "arn": "arn:aws:ec2:us-east-2:807624821827:security-group/sg-0ff3e1cf22cf7a40f",
            "description": "Allow SSH inbound traffic",
            "egress": [],
            "id": "sg-0ff3e1cf22cf7a40f",
            "ingress": [
              {
                "cidr_blocks": [
                  "179.184.65.86/32"
                ],
                "description": "",
                "from_port": 22,
                "ipv6_cidr_blocks": [],
                "prefix_list_ids": [],
                "protocol": "tcp",
                "security_groups": [],
                "self": false,
                "to_port": 22
              }
            ],
            "name": "allow_ssh",
            "name_prefix": null,
            "owner_id": "807624821827",
            "revoke_rules_on_delete": false,
            "tags": {
              "Name": "allow_ssh"
            },
            "timeouts": null,
            "vpc_id": "vpc-4924e122"
          },
          "private": "eyJlMmJmYjczMC1lY2FhLTExZTYtOGY4OC0zNDM2M2JjN2M0YzAiOnsiY3JlYXRlIjo2MDAwMDAwMDAwMDAsImRlbGV0ZSI6NjAwMDAwMDAwMDAwfSwic2NoZW1hX3ZlcnNpb24iOiIxIn0="
        }
      ]
    }
  ]
}
